# THIS IS AN AUTOGENERATED FILE. DO NOT EDIT THIS FILE DIRECTLY.
# yarn lockfile v1


"@suggestify/engine@^1.1.1":
  version "1.1.1"
  resolved "https://registry.yarnpkg.com/@suggestify/engine/-/engine-1.1.1.tgz#5256b16b12ad5948f8bae8b13f6168a4b225c22b"
  integrity sha512-KPEZEAOVYT9mi2rLZiBV4Ep2DGO82amcBuEKrpgTQhWirspj9MypdRqTmlgBmMsiPsMJL7GlLcJlxCpepnU3vA==

lambda-rate-limiter@^3.0.1:
  version "3.0.1"
  resolved "https://registry.yarnpkg.com/lambda-rate-limiter/-/lambda-rate-limiter-3.0.1.tgz#60a93a358a0b1aeaea7b7359f6866e8c43051588"
  integrity sha512-1xm5KyqCV3WB1y/iBlvRn3cH53A88D+NP+zvY6HyAWj3W70IaiC+gGFu19TWBV9xjAEaRgWekP/gQP7RGn6LTg==
  dependencies:
    lru-cache "6.0.0"

lru-cache@6.0.0:
  version "6.0.0"
  resolved "https://registry.yarnpkg.com/lru-cache/-/lru-cache-6.0.0.tgz#6d6fe6570ebd96aaf90fcad1dafa3b2566db3a94"
  integrity sha512-Jo6dJ04CmSjuznwJSS3pUeWmd/H0ffTlkXXgwZi+eq1UCmqQwCh+eLsYOYCwY991i2Fah4h1BEMCx4qThGbsiA==
  dependencies:
    yallist "^4.0.0"

yallist@^4.0.0:
  version "4.0.0"
  resolved "https://registry.yarnpkg.com/yallist/-/yallist-4.0.0.tgz#9bb92790d9c0effec63be73519e11a35019a3a72"
  integrity sha512-3wdGidZyq5PB084XLES5TpOSRA3wjXAlIWMhum2kRcv/41Sn2emQ0dycQW4uZXLejwKvg6EsvbdlVL+FYEct7A==
